
Microsoft Visual Studio Solution File, Format Version 11.00
# Visual Studio 2010
Project("{FAE04EC0-301F-11D3-BF4B-00C04F79EFBC}") = "Library", "Library\Library.csproj", "{9C70B3A0-F9BD-444C-99EE-50B33FB967E7}"
EndProject
Project("{FAE04EC0-301F-11D3-BF4B-00C04F79EFBC}") = "Web", "Web\Web.csproj", "{4F68F001-B17F-47AB-BA7A-A771149F1143}"
EndProject
Global
	GlobalSection(SolutionConfigurationPlatforms) = preSolution
		Debug|Any CPU = Debug|Any CPU
		Release|Any CPU = Release|Any CPU
	EndGlobalSection
	GlobalSection(ProjectConfigurationPlatforms) = postSolution
		{9C70B3A0-F9BD-444C-99EE-50B33FB967E7}.Debug|Any CPU.ActiveCfg = Debug|Any CPU
		{9C70B3A0-F9BD-444C-99EE-50B33FB967E7}.Debug|Any CPU.Build.0 = Debug|Any CPU
		{9C70B3A0-F9BD-444C-99EE-50B33FB967E7}.Release|Any CPU.ActiveCfg = Release|Any CPU
		{9C70B3A0-F9BD-444C-99EE-50B33FB967E7}.Release|Any CPU.Build.0 = Release|Any CPU
		{4F68F001-B17F-47AB-BA7A-A771149F1143}.Debug|Any CPU.ActiveCfg = Debug|Any CPU
		{4F68F001-B17F-47AB-BA7A-A771149F1143}.Debug|Any CPU.Build.0 = Debug|Any CPU
		{4F68F001-B17F-47AB-BA7A-A771149F1143}.Release|Any CPU.ActiveCfg = Release|Any CPU
		{4F68F001-B17F-47AB-BA7A-A771149F1143}.Release|Any CPU.Build.0 = Release|Any CPU
	EndGlobalSection
	GlobalSection(SolutionProperties) = preSolution
		HideSolutionNode = FALSE
	EndGlobalSection
EndGlobal
